// !$*UTF8*$!
{
	archiveVersion = 1;
	classes = {
	};
	objectVersion = 77;
	objects = {

/* Begin PBXContainerItemProxy section */
		A9B42C812ECB4E5F0057DDE2 /* PBXContainerItemProxy */ = {
			isa = PBXContainerItemProxy;
			containerPortal = A9B42C6B2ECB4E5C0057DDE2 /* Project object */;
			proxyType = 1;
			remoteGlobalIDString = A9B42C722ECB4E5C0057DDE2;
			remoteInfo = WeatherNotes;
		};
		A9B42C8B2ECB4E5F0057DDE2 /* PBXContainerItemProxy */ = {
			isa = PBXContainerItemProxy;
			containerPortal = A9B42C6B2ECB4E5C0057DDE2 /* Project object */;
			proxyType = 1;
			remoteGlobalIDString = A9B42C722ECB4E5C0057DDE2;
			remoteInfo = WeatherNotes;
		};
/* End PBXContainerItemProxy section */

/* Begin PBXFileReference section */
		A9B42C732ECB4E5C0057DDE2 /* WeatherNotes.app */ = {isa = PBXFileReference; explicitFileType = wrapper.application; includeInIndex = 0; path = WeatherNotes.app; sourceTree = BUILT_PRODUCTS_DIR; };
		A9B42C802ECB4E5F0057DDE2 /* WeatherNotesTests.xctest */ = {isa = PBXFileReference; explicitFileType = wrapper.cfbundle; includeInIndex = 0; path = WeatherNotesTests.xctest; sourceTree = BUILT_PRODUCTS_DIR; };
		A9B42C8A2ECB4E5F0057DDE2 /* WeatherNotesUITests.xctest */ = {isa = PBXFileReference; explicitFileType = wrapper.cfbundle; includeInIndex = 0; path = WeatherNotesUITests.xctest; sourceTree = BUILT_PRODUCTS_DIR; };
/* End PBXFileReference section */

/* Begin PBXFileSystemSynchronizedRootGroup section */
		A9B42C752ECB4E5C0057DDE2 /* WeatherNotes */ = {
			isa = PBXFileSystemSynchronizedRootGroup;
			path = WeatherNotes;
			sourceTree = "<group>";
		};
		A9B42C832ECB4E5F0057DDE2 /* WeatherNotesTests */ = {
			isa = PBXFileSystemSynchronizedRootGroup;
			path = WeatherNotesTests;
			sourceTree = "<group>";
		};
		A9B42C8D2ECB4E5F0057DDE2 /* WeatherNotesUITests */ = {
			isa = PBXFileSystemSynchronizedRootGroup;
			path = WeatherNotesUITests;
			sourceTree = "<group>";
		};
/* End PBXFileSystemSynchronizedRootGroup section */

/* Begin PBXFrameworksBuildPhase section */
		A9B42C702ECB4E5C0057DDE2 /* Frameworks */ = {
			isa = PBXFrameworksBuildPhase;
			buildActionMask = 2147483647;
			files = (
			);
			runOnlyForDeploymentPostprocessing = 0;
		};
		A9B42C7D2ECB4E5F0057DDE2 /* Frameworks */ = {
			isa = PBXFrameworksBuildPhase;
			buildActionMask = 2147483647;
			files = (
			);
			runOnlyForDeploymentPostprocessing = 0;
		};
		A9B42C872ECB4E5F0057DDE2 /* Frameworks */ = {
			isa = PBXFrameworksBuildPhase;
			buildActionMask = 2147483647;
			files = (
			);
			runOnlyForDeploymentPostprocessing = 0;
		};
/* End PBXFrameworksBuildPhase section */

/* Begin PBXGroup section */
		A9B42C6A2ECB4E5C0057DDE2 = {
			isa = PBXGroup;
			children = (
				A9B42C752ECB4E5C0057DDE2 /* WeatherNotes */,
				A9B42C832ECB4E5F0057DDE2 /* WeatherNotesTests */,
				A9B42C8D2ECB4E5F0057DDE2 /* WeatherNotesUITests */,
				A9B42C742ECB4E5C0057DDE2 /* Products */,
			);
			sourceTree = "<group>";
		};
		A9B42C742ECB4E5C0057DDE2 /* Products */ = {
			isa = PBXGroup;
			children = (
				A9B42C732ECB4E5C0057DDE2 /* WeatherNotes.app */,
				A9B42C802ECB4E5F0057DDE2 /* WeatherNotesTests.xctest */,
				A9B42C8A2ECB4E5F0057DDE2 /* WeatherNotesUITests.xctest */,
			);
			name = Products;
			sourceTree = "<group>";
		};
/* End PBXGroup section */

/* Begin PBXNativeTarget section */
		A9B42C722ECB4E5C0057DDE2 /* WeatherNotes */ = {
			isa = PBXNativeTarget;
			buildConfigurationList = A9B42C942ECB4E5F0057DDE2 /* Build configuration list for PBXNativeTarget "WeatherNotes" */;
			buildPhases = (
				A9B42C6F2ECB4E5C0057DDE2 /* Sources */,
				A9B42C702ECB4E5C0057DDE2 /* Frameworks */,
				A9B42C712ECB4E5C0057DDE2 /* Resources */,
			);
			buildRules = (
			);
			dependencies = (
			);
			fileSystemSynchronizedGroups = (
				A9B42C752ECB4E5C0057DDE2 /* WeatherNotes */,
			);
			name = WeatherNotes;
			packageProductDependencies = (
			);
			productName = WeatherNotes;
			productReference = A9B42C732ECB4E5C0057DDE2 /* WeatherNotes.app */;
			productType = "com.apple.product-type.application";
		};
		A9B42C7F2ECB4E5F0057DDE2 /* WeatherNotesTests */ = {
			isa = PBXNativeTarget;
			buildConfigurationList = A9B42C972ECB4E5F0057DDE2 /* Build configuration list for PBXNativeTarget "WeatherNotesTests" */;
			buildPhases = (
				A9B42C7C2ECB4E5F0057DDE2 /* Sources */,
				A9B42C7D2ECB4E5F0057DDE2 /* Frameworks */,
				A9B42C7E2ECB4E5F0057DDE2 /* Resources */,
			);
			buildRules = (
			);
			dependencies = (
				A9B42C822ECB4E5F0057DDE2 /* PBXTargetDependency */,
			);
			fileSystemSynchronizedGroups = (
				A9B42C832ECB4E5F0057DDE2 /* WeatherNotesTests */,
			);
			name = WeatherNotesTests;
			packageProductDependencies = (
			);
			productName = WeatherNotesTests;
			productReference = A9B42C802ECB4E5F0057DDE2 /* WeatherNotesTests.xctest */;
			productType = "com.apple.product-type.bundle.unit-test";
		};
		A9B42C892ECB4E5F0057DDE2 /* WeatherNotesUITests */ = {
			isa = PBXNativeTarget;
			buildConfigurationList = A9B42C9A2ECB4E5F0057DDE2 /* Build configuration list for PBXNativeTarget "WeatherNotesUITests" */;
			buildPhases = (
				A9B42C862ECB4E5F0057DDE2 /* Sources */,
				A9B42C872ECB4E5F0057DDE2 /* Frameworks */,
				A9B42C882ECB4E5F0057DDE2 /* Resources */,
			);
			buildRules = (
			);
			dependencies = (
				A9B42C8C2ECB4E5F0057DDE2 /* PBXTargetDependency */,
			);
			fileSystemSynchronizedGroups = (
				A9B42C8D2ECB4E5F0057DDE2 /* WeatherNotesUITests */,
			);
			name = WeatherNotesUITests;
			packageProductDependencies = (
			);
			productName = WeatherNotesUITests;
			productReference = A9B42C8A2ECB4E5F0057DDE2 /* WeatherNotesUITests.xctest */;
			productType = "com.apple.product-type.bundle.ui-testing";
		};
/* End PBXNativeTarget section */

/* Begin PBXProject section */
		A9B42C6B2ECB4E5C0057DDE2 /* Project object */ = {
			isa = PBXProject;
			attributes = {
				BuildIndependentTargetsInParallel = 1;
				LastSwiftUpdateCheck = 1630;
				LastUpgradeCheck = 1630;
				TargetAttributes = {
					A9B42C722ECB4E5C0057DDE2 = {
						CreatedOnToolsVersion = 16.3;
					};
					A9B42C7F2ECB4E5F0057DDE2 = {
						CreatedOnToolsVersion = 16.3;
						TestTargetID = A9B42C722ECB4E5C0057DDE2;
					};
					A9B42C892ECB4E5F0057DDE2 = {
						CreatedOnToolsVersion = 16.3;
						TestTargetID = A9B42C722ECB4E5C0057DDE2;
					};
				};
			};
			buildConfigurationList = A9B42C6E2ECB4E5C0057DDE2 /* Build configuration list for PBXProject "WeatherNotes" */;
			developmentRegion = en;
			hasScannedForEncodings = 0;
			knownRegions = (
				en,
				Base,
			);
			mainGroup = A9B42C6A2ECB4E5C0057DDE2;
			minimizedProjectReferenceProxies = 1;
			preferredProjectObjectVersion = 77;
			productRefGroup = A9B42C742ECB4E5C0057DDE2 /* Products */;
			projectDirPath = "";
			projectRoot = "";
			targets = (
				A9B42C722ECB4E5C0057DDE2 /* WeatherNotes */,
				A9B42C7F2ECB4E5F0057DDE2 /* WeatherNotesTests */,
				A9B42C892ECB4E5F0057DDE2 /* WeatherNotesUITests */,
			);
		};
/* End PBXProject section */

/* Begin PBXResourcesBuildPhase section */
		A9B42C712ECB4E5C0057DDE2 /* Resources */ = {
			isa = PBXResourcesBuildPhase;
			buildActionMask = 2147483647;
			files = (
			);
			runOnlyForDeploymentPostprocessing = 0;
		};
		A9B42C7E2ECB4E5F0057DDE2 /* Resources */ = {
			isa = PBXResourcesBuildPhase;
			buildActionMask = 2147483647;
			files = (
			);
			runOnlyForDeploymentPostprocessing = 0;
		};
		A9B42C882ECB4E5F0057DDE2 /* Resources */ = {
			isa = PBXResourcesBuildPhase;
			buildActionMask = 2147483647;
			files = (
			);
			runOnlyForDeploymentPostprocessing = 0;
		};
/* End PBXResourcesBuildPhase section */

/* Begin PBXSourcesBuildPhase section */
		A9B42C6F2ECB4E5C0057DDE2 /* Sources */ = {
			isa = PBXSourcesBuildPhase;
			buildActionMask = 2147483647;
			files = (
			);
			runOnlyForDeploymentPostprocessing = 0;
		};
		A9B42C7C2ECB4E5F0057DDE2 /* Sources */ = {
			isa = PBXSourcesBuildPhase;
			buildActionMask = 2147483647;
			files = (
			);
			runOnlyForDeploymentPostprocessing = 0;
		};
		A9B42C862ECB4E5F0057DDE2 /* Sources */ = {
			isa = PBXSourcesBuildPhase;
			buildActionMask = 2147483647;
			files = (
			);
			runOnlyForDeploymentPostprocessing = 0;
		};
/* End PBXSourcesBuildPhase section */

/* Begin PBXTargetDependency section */
		A9B42C822ECB4E5F0057DDE2 /* PBXTargetDependency */ = {
			isa = PBXTargetDependency;
			target = A9B42C722ECB4E5C0057DDE2 /* WeatherNotes */;
			targetProxy = A9B42C812ECB4E5F0057DDE2 /* PBXContainerItemProxy */;
		};
		A9B42C8C2ECB4E5F0057DDE2 /* PBXTargetDependency */ = {
			isa = PBXTargetDependency;
			target = A9B42C722ECB4E5C0057DDE2 /* WeatherNotes */;
			targetProxy = A9B42C8B2ECB4E5F0057DDE2 /* PBXContainerItemProxy */;
		};
/* End PBXTargetDependency section */

/* Begin XCBuildConfiguration section */
		A9B42C922ECB4E5F0057DDE2 /* Debug */ = {
			isa = XCBuildConfiguration;
			buildSettings = {
				ALWAYS_SEARCH_USER_PATHS = NO;
				ASSETCATALOG_COMPILER_GENERATE_SWIFT_ASSET_SYMBOL_EXTENSIONS = YES;
				CLANG_ANALYZER_NONNULL = YES;
				CLANG_ANALYZER_NUMBER_OBJECT_CONVERSION = YES_AGGRESSIVE;
				CLANG_CXX_LANGUAGE_STANDARD = "gnu++20";
				CLANG_ENABLE_MODULES = YES;
				CLANG_ENABLE_OBJC_ARC = YES;
				CLANG_ENABLE_OBJC_WEAK = YES;
				CLANG_WARN_BLOCK_CAPTURE_AUTORELEASING = YES;
				CLANG_WARN_BOOL_CONVERSION = YES;
				CLANG_WARN_COMMA = YES;
				CLANG_WARN_CONSTANT_CONVERSION = YES;
				CLANG_WARN_DEPRECATED_OBJC_IMPLEMENTATIONS = YES;
				CLANG_WARN_DIRECT_OBJC_ISA_USAGE = YES_ERROR;
				CLANG_WARN_DOCUMENTATION_COMMENTS = YES;
				CLANG_WARN_EMPTY_BODY = YES;
				CLANG_WARN_ENUM_CONVERSION = YES;
				CLANG_WARN_INFINITE_RECURSION = YES;
				CLANG_WARN_INT_CONVERSION = YES;
				CLANG_WARN_NON_LITERAL_NULL_CONVERSION = YES;
				CLANG_WARN_OBJC_IMPLICIT_RETAIN_SELF = YES;
				CLANG_WARN_OBJC_LITERAL_CONVERSION = YES;
				CLANG_WARN_OBJC_ROOT_CLASS = YES_ERROR;
				CLANG_WARN_QUOTED_INCLUDE_IN_FRAMEWORK_HEADER = YES;
				CLANG_WARN_RANGE_LOOP_ANALYSIS = YES;
				CLANG_WARN_STRICT_PROTOTYPES = YES;
				CLANG_WARN_SUSPICIOUS_MOVE = YES;
				CLANG_WARN_UNGUARDED_AVAILABILITY = YES_AGGRESSIVE;
				CLANG_WARN_UNREACHABLE_CODE = YES;
				CLANG_WARN__DUPLICATE_METHOD_MATCH = YES;
				COPY_PHASE_STRIP = NO;
				DEBUG_INFORMATION_FORMAT = dwarf;
				DEVELOPMENT_TEAM = ZF6657VG62;
				ENABLE_STRICT_OBJC_MSGSEND = YES;
				ENABLE_TESTABILITY = YES;
				ENABLE_USER_SCRIPT_SANDBOXING = YES;
				GCC_C_LANGUAGE_STANDARD = gnu17;
				GCC_DYNAMIC_NO_PIC = NO;
				GCC_NO_COMMON_BLOCKS = YES;
				GCC_OPTIMIZATION_LEVEL = 0;
				GCC_PREPROCESSOR_DEFINITIONS = (
					"DEBUG=1",
					"$(inherited)",
				);
				GCC_WARN_64_TO_32_BIT_CONVERSION = YES;
				GCC_WARN_ABOUT_RETURN_TYPE = YES_ERROR;
				GCC_WARN_UNDECLARED_SELECTOR = YES;
				GCC_WARN_UNINITIALIZED_AUTOS = YES_AGGRESSIVE;
				GCC_WARN_UNUSED_FUNCTION = YES;
				GCC_WARN_UNUSED_VARIABLE = YES;
				IPHONEOS_DEPLOYMENT_TARGET = 18.4;
				LOCALIZATION_PREFERS_STRING_CATALOGS = YES;
				MTL_ENABLE_DEBUG_INFO = INCLUDE_SOURCE;
				MTL_FAST_MATH = YES;
				ONLY_ACTIVE_ARCH = YES;
				SDKROOT = iphoneos;
				SWIFT_ACTIVE_COMPILATION_CONDITIONS = "DEBUG $(inherited)";
				SWIFT_OPTIMIZATION_LEVEL = "-Onone";
			};
			name = Debug;
		};
		A9B42C932ECB4E5F0057DDE2 /* Release */ = {
			isa = XCBuildConfiguration;
			buildSettings = {
				ALWAYS_SEARCH_USER_PATHS = NO;
				ASSETCATALOG_COMPILER_GENERATE_SWIFT_ASSET_SYMBOL_EXTENSIONS = YES;
				CLANG_ANALYZER_NONNULL = YES;
				CLANG_ANALYZER_NUMBER_OBJECT_CONVERSION = YES_AGGRESSIVE;
				CLANG_CXX_LANGUAGE_STANDARD = "gnu++20";
				CLANG_ENABLE_MODULES = YES;
				CLANG_ENABLE_OBJC_ARC = YES;
				CLANG_ENABLE_OBJC_WEAK = YES;
				CLANG_WARN_BLOCK_CAPTURE_AUTORELEASING = YES;
				CLANG_WARN_BOOL_CONVERSION = YES;
				CLANG_WARN_COMMA = YES;
				CLANG_WARN_CONSTANT_CONVERSION = YES;
				CLANG_WARN_DEPRECATED_OBJC_IMPLEMENTATIONS = YES;
				CLANG_WARN_DIRECT_OBJC_ISA_USAGE = YES_ERROR;
				CLANG_WARN_DOCUMENTATION_COMMENTS = YES;
				CLANG_WARN_EMPTY_BODY = YES;
				CLANG_WARN_ENUM_CONVERSION = YES;
				CLANG_WARN_INFINITE_RECURSION = YES;
				CLANG_WARN_INT_CONVERSION = YES;
				CLANG_WARN_NON_LITERAL_NULL_CONVERSION = YES;
				CLANG_WARN_OBJC_IMPLICIT_RETAIN_SELF = YES;
				CLANG_WARN_OBJC_LITERAL_CONVERSION = YES;
				CLANG_WARN_OBJC_ROOT_CLASS = YES_ERROR;
				CLANG_WARN_QUOTED_INCLUDE_IN_FRAMEWORK_HEADER = YES;
				CLANG_WARN_RANGE_LOOP_ANALYSIS = YES;
				CLANG_WARN_STRICT_PROTOTYPES = YES;
				CLANG_WARN_SUSPICIOUS_MOVE = YES;
				CLANG_WARN_UNGUARDED_AVAILABILITY = YES_AGGRESSIVE;
				CLANG_WARN_UNREACHABLE_CODE = YES;
				CLANG_WARN__DUPLICATE_METHOD_MATCH = YES;
				COPY_PHASE_STRIP = NO;
				DEBUG_INFORMATION_FORMAT = "dwarf-with-dsym";
				DEVELOPMENT_TEAM = ZF6657VG62;
				ENABLE_NS_ASSERTIONS = NO;
				ENABLE_STRICT_OBJC_MSGSEND = YES;
				ENABLE_USER_SCRIPT_SANDBOXING = YES;
				GCC_C_LANGUAGE_STANDARD = gnu17;
				GCC_NO_COMMON_BLOCKS = YES;
				GCC_WARN_64_TO_32_BIT_CONVERSION = YES;
				GCC_WARN_ABOUT_RETURN_TYPE = YES_ERROR;
				GCC_WARN_UNDECLARED_SELECTOR = YES;
				GCC_WARN_UNINITIALIZED_AUTOS = YES_AGGRESSIVE;
				GCC_WARN_UNUSED_FUNCTION = YES;
				GCC_WARN_UNUSED_VARIABLE = YES;
				IPHONEOS_DEPLOYMENT_TARGET = 18.4;
				LOCALIZATION_PREFERS_STRING_CATALOGS = YES;
				MTL_ENABLE_DEBUG_INFO = NO;
				MTL_FAST_MATH = YES;
				SDKROOT = iphoneos;
				SWIFT_COMPILATION_MODE = wholemodule;
				VALIDATE_PRODUCT = YES;
			};
			name = Release;
		};
		A9B42C952ECB4E5F0057DDE2 /* Debug */ = {
			isa = XCBuildConfiguration;
			buildSettings = {
				ASSETCATALOG_COMPILER_APPICON_NAME = AppIcon;
				ASSETCATALOG_COMPILER_GLOBAL_ACCENT_COLOR_NAME = AccentColor;
				CODE_SIGN_STYLE = Automatic;
				CURRENT_PROJECT_VERSION = 1;
				DEVELOPMENT_TEAM = ZF6657VG62;
				ENABLE_PREVIEWS = YES;
				GENERATE_INFOPLIST_FILE = YES;
				INFOPLIST_KEY_UIApplicationSceneManifest_Generation = YES;
				INFOPLIST_KEY_UIApplicationSupportsIndirectInputEvents = YES;
				INFOPLIST_KEY_UILaunchScreen_Generation = YES;
				INFOPLIST_KEY_UISupportedInterfaceOrientations_iPad = "UIInterfaceOrientationPortrait UIInterfaceOrientationPortraitUpsideDown UIInterfaceOrientationLandscapeLeft UIInterfaceOrientationLandscapeRight";
				INFOPLIST_KEY_UISupportedInterfaceOrientations_iPhone = "UIInterfaceOrientationPortrait UIInterfaceOrientationLandscapeLeft UIInterfaceOrientationLandscapeRight";
				LD_RUNPATH_SEARCH_PATHS = (
					"$(inherited)",
					"@executable_path/Frameworks",
				);
				MARKETING_VERSION = 1.0;
				PRODUCT_BUNDLE_IDENTIFIER = com..WeatherNotes;
				PRODUCT_NAME = "$(TARGET_NAME)";
				SWIFT_EMIT_LOC_STRINGS = YES;
				SWIFT_VERSION = 5.0;
				TARGETED_DEVICE_FAMILY = "1,2";
			};
			name = Debug;
		};
		A9B42C962ECB4E5F0057DDE2 /* Release */ = {
			isa = XCBuildConfiguration;
			buildSettings = {
				ASSETCATALOG_COMPILER_APPICON_NAME = AppIcon;
				ASSETCATALOG_COMPILER_GLOBAL_ACCENT_COLOR_NAME = AccentColor;
				CODE_SIGN_STYLE = Automatic;
				CURRENT_PROJECT_VERSION = 1;
				DEVELOPMENT_TEAM = ZF6657VG62;
				ENABLE_PREVIEWS = YES;
				GENERATE_INFOPLIST_FILE = YES;
				INFOPLIST_KEY_UIApplicationSceneManifest_Generation = YES;
				INFOPLIST_KEY_UIApplicationSupportsIndirectInputEvents = YES;
				INFOPLIST_KEY_UILaunchScreen_Generation = YES;
				INFOPLIST_KEY_UISupportedInterfaceOrientations_iPad = "UIInterfaceOrientationPortrait UIInterfaceOrientationPortraitUpsideDown UIInterfaceOrientationLandscapeLeft UIInterfaceOrientationLandscapeRight";
				INFOPLIST_KEY_UISupportedInterfaceOrientations_iPhone = "UIInterfaceOrientationPortrait UIInterfaceOrientationLandscapeLeft UIInterfaceOrientationLandscapeRight";
				LD_RUNPATH_SEARCH_PATHS = (
					"$(inherited)",
					"@executable_path/Frameworks",
				);
				MARKETING_VERSION = 1.0;
				PRODUCT_BUNDLE_IDENTIFIER = com..WeatherNotes;
				PRODUCT_NAME = "$(TARGET_NAME)";
				SWIFT_EMIT_LOC_STRINGS = YES;
				SWIFT_VERSION = 5.0;
				TARGETED_DEVICE_FAMILY = "1,2";
			};
			name = Release;
		};
		A9B42C982ECB4E5F0057DDE2 /* Debug */ = {
			isa = XCBuildConfiguration;
			buildSettings = {
				BUNDLE_LOADER = "$(TEST_HOST)";
				CODE_SIGN_STYLE = Automatic;
				CURRENT_PROJECT_VERSION = 1;
				DEVELOPMENT_TEAM = ZF6657VG62;
				GENERATE_INFOPLIST_FILE = YES;
				IPHONEOS_DEPLOYMENT_TARGET = 18.4;
				MARKETING_VERSION = 1.0;
				PRODUCT_BUNDLE_IDENTIFIER = com..WeatherNotesTests;
				PRODUCT_NAME = "$(TARGET_NAME)";
				SWIFT_EMIT_LOC_STRINGS = NO;
				SWIFT_VERSION = 5.0;
				TARGETED_DEVICE_FAMILY = "1,2";
				TEST_HOST = "$(BUILT_PRODUCTS_DIR)/WeatherNotes.app/$(BUNDLE_EXECUTABLE_FOLDER_PATH)/WeatherNotes";
			};
			name = Debug;
		};
		A9B42C992ECB4E5F0057DDE2 /* Release */ = {
			isa = XCBuildConfiguration;
			buildSettings = {
				BUNDLE_LOADER = "$(TEST_HOST)";
				CODE_SIGN_STYLE = Automatic;
				CURRENT_PROJECT_VERSION = 1;
				DEVELOPMENT_TEAM = ZF6657VG62;
				GENERATE_INFOPLIST_FILE = YES;
				IPHONEOS_DEPLOYMENT_TARGET = 18.4;
				MARKETING_VERSION = 1.0;
				PRODUCT_BUNDLE_IDENTIFIER = com..WeatherNotesTests;
				PRODUCT_NAME = "$(TARGET_NAME)";
				SWIFT_EMIT_LOC_STRINGS = NO;
				SWIFT_VERSION = 5.0;
				TARGETED_DEVICE_FAMILY = "1,2";
				TEST_HOST = "$(BUILT_PRODUCTS_DIR)/WeatherNotes.app/$(BUNDLE_EXECUTABLE_FOLDER_PATH)/WeatherNotes";
			};
			name = Release;
		};
		A9B42C9B2ECB4E5F0057DDE2 /* Debug */ = {
			isa = XCBuildConfiguration;
			buildSettings = {
				CODE_SIGN_STYLE = Automatic;
				CURRENT_PROJECT_VERSION = 1;
				DEVELOPMENT_TEAM = ZF6657VG62;
				GENERATE_INFOPLIST_FILE = YES;
				MARKETING_VERSION = 1.0;
				PRODUCT_BUNDLE_IDENTIFIER = com..WeatherNotesUITests;
				PRODUCT_NAME = "$(TARGET_NAME)";
				SWIFT_EMIT_LOC_STRINGS = NO;
				SWIFT_VERSION = 5.0;
				TARGETED_DEVICE_FAMILY = "1,2";
				TEST_TARGET_NAME = WeatherNotes;
			};
			name = Debug;
		};
		A9B42C9C2ECB4E5F0057DDE2 /* Release */ = {
			isa = XCBuildConfiguration;
			buildSettings = {
				CODE_SIGN_STYLE = Automatic;
				CURRENT_PROJECT_VERSION = 1;
				DEVELOPMENT_TEAM = ZF6657VG62;
				GENERATE_INFOPLIST_FILE = YES;
				MARKETING_VERSION = 1.0;
				PRODUCT_BUNDLE_IDENTIFIER = com..WeatherNotesUITests;
				PRODUCT_NAME = "$(TARGET_NAME)";
				SWIFT_EMIT_LOC_STRINGS = NO;
				SWIFT_VERSION = 5.0;
				TARGETED_DEVICE_FAMILY = "1,2";
				TEST_TARGET_NAME = WeatherNotes;
			};
			name = Release;
		};
/* End XCBuildConfiguration section */

/* Begin XCConfigurationList section */
		A9B42C6E2ECB4E5C0057DDE2 /* Build configuration list for PBXProject "WeatherNotes" */ = {
			isa = XCConfigurationList;
			buildConfigurations = (
				A9B42C922ECB4E5F0057DDE2 /* Debug */,
				A9B42C932ECB4E5F0057DDE2 /* Release */,
			);
			defaultConfigurationIsVisible = 0;
			defaultConfigurationName = Release;
		};
		A9B42C942ECB4E5F0057DDE2 /* Build configuration list for PBXNativeTarget "WeatherNotes" */ = {
			isa = XCConfigurationList;
			buildConfigurations = (
				A9B42C952ECB4E5F0057DDE2 /* Debug */,
				A9B42C962ECB4E5F0057DDE2 /* Release */,
			);
			defaultConfigurationIsVisible = 0;
			defaultConfigurationName = Release;
		};
		A9B42C972ECB4E5F0057DDE2 /* Build configuration list for PBXNativeTarget "WeatherNotesTests" */ = {
			isa = XCConfigurationList;
			buildConfigurations = (
				A9B42C982ECB4E5F0057DDE2 /* Debug */,
				A9B42C992ECB4E5F0057DDE2 /* Release */,
			);
			defaultConfigurationIsVisible = 0;
			defaultConfigurationName = Release;
		};
		A9B42C9A2ECB4E5F0057DDE2 /* Build configuration list for PBXNativeTarget "WeatherNotesUITests" */ = {
			isa = XCConfigurationList;
			buildConfigurations = (
				A9B42C9B2ECB4E5F0057DDE2 /* Debug */,
				A9B42C9C2ECB4E5F0057DDE2 /* Release */,
			);
			defaultConfigurationIsVisible = 0;
			defaultConfigurationName = Release;
		};
/* End XCConfigurationList section */
	};
	rootObject = A9B42C6B2ECB4E5C0057DDE2 /* Project object */;
}
